// !$*UTF8*$!
{
	archiveVersion = 1;
	classes = {
	};
	objectVersion = 50;
	objects = {

/* Begin PBXBuildFile section */
		8A2630AD22E14262007E4000 /* AppDelegate.swift in Sources */ = {isa = PBXBuildFile; fileRef = 8A2630AC22E14262007E4000 /* AppDelegate.swift */; };
		8A2630AF22E14262007E4000 /* ViewController.swift in Sources */ = {isa = PBXBuildFile; fileRef = 8A2630AE22E14262007E4000 /* ViewController.swift */; };
		8A2630B222E14262007E4000 /* Main.storyboard in Resources */ = {isa = PBXBuildFile; fileRef = 8A2630B022E14262007E4000 /* Main.storyboard */; };
		8A2630B522E14262007E4000 /* Animation.xcdatamodeld in Sources */ = {isa = PBXBuildFile; fileRef = 8A2630B322E14262007E4000 /* Animation.xcdatamodeld */; };
		8A2630B722E14263007E4000 /* Assets.xcassets in Resources */ = {isa = PBXBuildFile; fileRef = 8A2630B622E14263007E4000 /* Assets.xcassets */; };
		8A2630BA22E14263007E4000 /* LaunchScreen.storyboard in Resources */ = {isa = PBXBuildFile; fileRef = 8A2630B822E14263007E4000 /* LaunchScreen.storyboard */; };
		8A2630C522E14263007E4000 /* AnimationTests.swift in Sources */ = {isa = PBXBuildFile; fileRef = 8A2630C422E14263007E4000 /* AnimationTests.swift */; };
		8A2630D022E14263007E4000 /* AnimationUITests.swift in Sources */ = {isa = PBXBuildFile; fileRef = 8A2630CF22E14263007E4000 /* AnimationUITests.swift */; };
		8A2630DE22E14319007E4000 /* btn.swift in Sources */ = {isa = PBXBuildFile; fileRef = 8A2630DD22E14319007E4000 /* btn.swift */; };
		8A2630E222E1543D007E4000 /* gradientView.swift in Sources */ = {isa = PBXBuildFile; fileRef = 8A2630E122E1543D007E4000 /* gradientView.swift */; };
		8A2630E422E17728007E4000 /* Line.swift in Sources */ = {isa = PBXBuildFile; fileRef = 8A2630E322E17728007E4000 /* Line.swift */; };
/* End PBXBuildFile section */

/* Begin PBXContainerItemProxy section */
		8A2630C122E14263007E4000 /* PBXContainerItemProxy */ = {
			isa = PBXContainerItemProxy;
			containerPortal = 8A2630A122E14262007E4000 /* Project object */;
			proxyType = 1;
			remoteGlobalIDString = 8A2630A822E14262007E4000;
			remoteInfo = Animation;
		};
		8A2630CC22E14263007E4000 /* PBXContainerItemProxy */ = {
			isa = PBXContainerItemProxy;
			containerPortal = 8A2630A122E14262007E4000 /* Project object */;
			proxyType = 1;
			remoteGlobalIDString = 8A2630A822E14262007E4000;
			remoteInfo = Animation;
		};
/* End PBXContainerItemProxy section */

/* Begin PBXFileReference section */
		8A2630A922E14262007E4000 /* Animation.app */ = {isa = PBXFileReference; explicitFileType = wrapper.application; includeInIndex = 0; path = Animation.app; sourceTree = BUILT_PRODUCTS_DIR; };
		8A2630AC22E14262007E4000 /* AppDelegate.swift */ = {isa = PBXFileReference; lastKnownFileType = sourcecode.swift; path = AppDelegate.swift; sourceTree = "<group>"; };
		8A2630AE22E14262007E4000 /* ViewController.swift */ = {isa = PBXFileReference; lastKnownFileType = sourcecode.swift; path = ViewController.swift; sourceTree = "<group>"; };
		8A2630B122E14262007E4000 /* Base */ = {isa = PBXFileReference; lastKnownFileType = file.storyboard; name = Base; path = Base.lproj/Main.storyboard; sourceTree = "<group>"; };
		8A2630B422E14262007E4000 /* Animation.xcdatamodel */ = {isa = PBXFileReference; lastKnownFileType = wrapper.xcdatamodel; path = Animation.xcdatamodel; sourceTree = "<group>"; };
		8A2630B622E14263007E4000 /* Assets.xcassets */ = {isa = PBXFileReference; lastKnownFileType = folder.assetcatalog; path = Assets.xcassets; sourceTree = "<group>"; };
		8A2630B922E14263007E4000 /* Base */ = {isa = PBXFileReference; lastKnownFileType = file.storyboard; name = Base; path = Base.lproj/LaunchScreen.storyboard; sourceTree = "<group>"; };
		8A2630BB22E14263007E4000 /* Info.plist */ = {isa = PBXFileReference; lastKnownFileType = text.plist.xml; path = Info.plist; sourceTree = "<group>"; };
		8A2630C022E14263007E4000 /* AnimationTests.xctest */ = {isa = PBXFileReference; explicitFileType = wrapper.cfbundle; includeInIndex = 0; path = AnimationTests.xctest; sourceTree = BUILT_PRODUCTS_DIR; };
		8A2630C422E14263007E4000 /* AnimationTests.swift */ = {isa = PBXFileReference; lastKnownFileType = sourcecode.swift; path = AnimationTests.swift; sourceTree = "<group>"; };
		8A2630C622E14263007E4000 /* Info.plist */ = {isa = PBXFileReference; lastKnownFileType = text.plist.xml; path = Info.plist; sourceTree = "<group>"; };
		8A2630CB22E14263007E4000 /* AnimationUITests.xctest */ = {isa = PBXFileReference; explicitFileType = wrapper.cfbundle; includeInIndex = 0; path = AnimationUITests.xctest; sourceTree = BUILT_PRODUCTS_DIR; };
		8A2630CF22E14263007E4000 /* AnimationUITests.swift */ = {isa = PBXFileReference; lastKnownFileType = sourcecode.swift; path = AnimationUITests.swift; sourceTree = "<group>"; };
		8A2630D122E14263007E4000 /* Info.plist */ = {isa = PBXFileReference; lastKnownFileType = text.plist.xml; path = Info.plist; sourceTree = "<group>"; };
		8A2630DD22E14319007E4000 /* btn.swift */ = {isa = PBXFileReference; lastKnownFileType = sourcecode.swift; path = btn.swift; sourceTree = "<group>"; };
		8A2630E122E1543D007E4000 /* gradientView.swift */ = {isa = PBXFileReference; lastKnownFileType = sourcecode.swift; path = gradientView.swift; sourceTree = "<group>"; };
		8A2630E322E17728007E4000 /* Line.swift */ = {isa = PBXFileReference; lastKnownFileType = sourcecode.swift; path = Line.swift; sourceTree = "<group>"; };
/* End PBXFileReference section */

/* Begin PBXFrameworksBuildPhase section */
		8A2630A622E14262007E4000 /* Frameworks */ = {
			isa = PBXFrameworksBuildPhase;
			buildActionMask = 2147483647;
			files = (
			);
			runOnlyForDeploymentPostprocessing = 0;
		};
		8A2630BD22E14263007E4000 /* Frameworks */ = {
			isa = PBXFrameworksBuildPhase;
			buildActionMask = 2147483647;
			files = (
			);
			runOnlyForDeploymentPostprocessing = 0;
		};
		8A2630C822E14263007E4000 /* Frameworks */ = {
			isa = PBXFrameworksBuildPhase;
			buildActionMask = 2147483647;
			files = (
			);
			runOnlyForDeploymentPostprocessing = 0;
		};
/* End PBXFrameworksBuildPhase section */

/* Begin PBXGroup section */
		8A2630A022E14262007E4000 = {
			isa = PBXGroup;
			children = (
				8A2630E322E17728007E4000 /* Line.swift */,
				8A2630E122E1543D007E4000 /* gradientView.swift */,
				8A2630DD22E14319007E4000 /* btn.swift */,
				8A2630AB22E14262007E4000 /* Animation */,
				8A2630C322E14263007E4000 /* AnimationTests */,
				8A2630CE22E14263007E4000 /* AnimationUITests */,
				8A2630AA22E14262007E4000 /* Products */,
			);
			sourceTree = "<group>";
		};
		8A2630AA22E14262007E4000 /* Products */ = {
			isa = PBXGroup;
			children = (
				8A2630A922E14262007E4000 /* Animation.app */,
				8A2630C022E14263007E4000 /* AnimationTests.xctest */,
				8A2630CB22E14263007E4000 /* AnimationUITests.xctest */,
			);
			name = Products;
			sourceTree = "<group>";
		};
		8A2630AB22E14262007E4000 /* Animation */ = {
			isa = PBXGroup;
			children = (
				8A2630AC22E14262007E4000 /* AppDelegate.swift */,
				8A2630AE22E14262007E4000 /* ViewController.swift */,
				8A2630B022E14262007E4000 /* Main.storyboard */,
				8A2630B622E14263007E4000 /* Assets.xcassets */,
				8A2630B822E14263007E4000 /* LaunchScreen.storyboard */,
				8A2630BB22E14263007E4000 /* Info.plist */,
				8A2630B322E14262007E4000 /* Animation.xcdatamodeld */,
			);
			path = Animation;
			sourceTree = "<group>";
		};
		8A2630C322E14263007E4000 /* AnimationTests */ = {
			isa = PBXGroup;
			children = (
				8A2630C422E14263007E4000 /* AnimationTests.swift */,
				8A2630C622E14263007E4000 /* Info.plist */,
			);
			path = AnimationTests;
			sourceTree = "<group>";
		};
		8A2630CE22E14263007E4000 /* AnimationUITests */ = {
			isa = PBXGroup;
			children = (
				8A2630CF22E14263007E4000 /* AnimationUITests.swift */,
				8A2630D122E14263007E4000 /* Info.plist */,
			);
			path = AnimationUITests;
			sourceTree = "<group>";
		};
/* End PBXGroup section */

/* Begin PBXNativeTarget section */
		8A2630A822E14262007E4000 /* Animation */ = {
			isa = PBXNativeTarget;
			buildConfigurationList = 8A2630D422E14263007E4000 /* Build configuration list for PBXNativeTarget "Animation" */;
			buildPhases = (
				8A2630A522E14262007E4000 /* Sources */,
				8A2630A622E14262007E4000 /* Frameworks */,
				8A2630A722E14262007E4000 /* Resources */,
			);
			buildRules = (
			);
			dependencies = (
			);
			name = Animation;
			productName = Animation;
			productReference = 8A2630A922E14262007E4000 /* Animation.app */;
			productType = "com.apple.product-type.application";
		};
		8A2630BF22E14263007E4000 /* AnimationTests */ = {
			isa = PBXNativeTarget;
			buildConfigurationList = 8A2630D722E14263007E4000 /* Build configuration list for PBXNativeTarget "AnimationTests" */;
			buildPhases = (
				8A2630BC22E14263007E4000 /* Sources */,
				8A2630BD22E14263007E4000 /* Frameworks */,
				8A2630BE22E14263007E4000 /* Resources */,
			);
			buildRules = (
			);
			dependencies = (
				8A2630C222E14263007E4000 /* PBXTargetDependency */,
			);
			name = AnimationTests;
			productName = AnimationTests;
			productReference = 8A2630C022E14263007E4000 /* AnimationTests.xctest */;
			productType = "com.apple.product-type.bundle.unit-test";
		};
		8A2630CA22E14263007E4000 /* AnimationUITests */ = {
			isa = PBXNativeTarget;
			buildConfigurationList = 8A2630DA22E14263007E4000 /* Build configuration list for PBXNativeTarget "AnimationUITests" */;
			buildPhases = (
				8A2630C722E14263007E4000 /* Sources */,
				8A2630C822E14263007E4000 /* Frameworks */,
				8A2630C922E14263007E4000 /* Resources */,
			);
			buildRules = (
			);
			dependencies = (
				8A2630CD22E14263007E4000 /* PBXTargetDependency */,
			);
			name = AnimationUITests;
			productName = AnimationUITests;
			productReference = 8A2630CB22E14263007E4000 /* AnimationUITests.xctest */;
			productType = "com.apple.product-type.bundle.ui-testing";
		};
/* End PBXNativeTarget section */

/* Begin PBXProject section */
		8A2630A122E14262007E4000 /* Project object */ = {
			isa = PBXProject;
			attributes = {
				LastSwiftUpdateCheck = 1020;
				LastUpgradeCheck = 1020;
				ORGANIZATIONNAME = edu.data;
				TargetAttributes = {
					8A2630A822E14262007E4000 = {
						CreatedOnToolsVersion = 10.2.1;
					};
					8A2630BF22E14263007E4000 = {
						CreatedOnToolsVersion = 10.2.1;
						TestTargetID = 8A2630A822E14262007E4000;
					};
					8A2630CA22E14263007E4000 = {
						CreatedOnToolsVersion = 10.2.1;
						TestTargetID = 8A2630A822E14262007E4000;
					};
				};
			};
			buildConfigurationList = 8A2630A422E14262007E4000 /* Build configuration list for PBXProject "Animation" */;
			compatibilityVersion = "Xcode 9.3";
			developmentRegion = en;
			hasScannedForEncodings = 0;
			knownRegions = (
				en,
				Base,
			);
			mainGroup = 8A2630A022E14262007E4000;
			productRefGroup = 8A2630AA22E14262007E4000 /* Products */;
			projectDirPath = "";
			projectRoot = "";
			targets = (
				8A2630A822E14262007E4000 /* Animation */,
				8A2630BF22E14263007E4000 /* AnimationTests */,
				8A2630CA22E14263007E4000 /* AnimationUITests */,
			);
		};
/* End PBXProject section */

/* Begin PBXResourcesBuildPhase section */
		8A2630A722E14262007E4000 /* Resources */ = {
			isa = PBXResourcesBuildPhase;
			buildActionMask = 2147483647;
			files = (
				8A2630BA22E14263007E4000 /* LaunchScreen.storyboard in Resources */,
				8A2630B722E14263007E4000 /* Assets.xcassets in Resources */,
				8A2630B222E14262007E4000 /* Main.storyboard in Resources */,
			);
			runOnlyForDeploymentPostprocessing = 0;
		};
		8A2630BE22E14263007E4000 /* Resources */ = {
			isa = PBXResourcesBuildPhase;
			buildActionMask = 2147483647;
			files = (
			);
			runOnlyForDeploymentPostprocessing = 0;
		};
		8A2630C922E14263007E4000 /* Resources */ = {
			isa = PBXResourcesBuildPhase;
			buildActionMask = 2147483647;
			files = (
			);
			runOnlyForDeploymentPostprocessing = 0;
		};
/* End PBXResourcesBuildPhase section */

/* Begin PBXSourcesBuildPhase section */
		8A2630A522E14262007E4000 /* Sources */ = {
			isa = PBXSourcesBuildPhase;
			buildActionMask = 2147483647;
			files = (
				8A2630DE22E14319007E4000 /* btn.swift in Sources */,
				8A2630B522E14262007E4000 /* Animation.xcdatamodeld in Sources */,
				8A2630E222E1543D007E4000 /* gradientView.swift in Sources */,
				8A2630E422E17728007E4000 /* Line.swift in Sources */,
				8A2630AF22E14262007E4000 /* ViewController.swift in Sources */,
				8A2630AD22E14262007E4000 /* AppDelegate.swift in Sources */,
			);
			runOnlyForDeploymentPostprocessing = 0;
		};
		8A2630BC22E14263007E4000 /* Sources */ = {
			isa = PBXSourcesBuildPhase;
			buildActionMask = 2147483647;
			files = (
				8A2630C522E14263007E4000 /* AnimationTests.swift in Sources */,
			);
			runOnlyForDeploymentPostprocessing = 0;
		};
		8A2630C722E14263007E4000 /* Sources */ = {
			isa = PBXSourcesBuildPhase;
			buildActionMask = 2147483647;
			files = (
				8A2630D022E14263007E4000 /* AnimationUITests.swift in Sources */,
			);
			runOnlyForDeploymentPostprocessing = 0;
		};
/* End PBXSourcesBuildPhase section */

/* Begin PBXTargetDependency section */
		8A2630C222E14263007E4000 /* PBXTargetDependency */ = {
			isa = PBXTargetDependency;
			target = 8A2630A822E14262007E4000 /* Animation */;
			targetProxy = 8A2630C122E14263007E4000 /* PBXContainerItemProxy */;
		};
		8A2630CD22E14263007E4000 /* PBXTargetDependency */ = {
			isa = PBXTargetDependency;
			target = 8A2630A822E14262007E4000 /* Animation */;
			targetProxy = 8A2630CC22E14263007E4000 /* PBXContainerItemProxy */;
		};
/* End PBXTargetDependency section */

/* Begin PBXVariantGroup section */
		8A2630B022E14262007E4000 /* Main.storyboard */ = {
			isa = PBXVariantGroup;
			children = (
				8A2630B122E14262007E4000 /* Base */,
			);
			name = Main.storyboard;
			sourceTree = "<group>";
		};
		8A2630B822E14263007E4000 /* LaunchScreen.storyboard */ = {
			isa = PBXVariantGroup;
			children = (
				8A2630B922E14263007E4000 /* Base */,
			);
			name = LaunchScreen.storyboard;
			sourceTree = "<group>";
		};
/* End PBXVariantGroup section */

/* Begin XCBuildConfiguration section */
		8A2630D222E14263007E4000 /* Debug */ = {
			isa = XCBuildConfiguration;
			buildSettings = {
				ALWAYS_SEARCH_USER_PATHS = NO;
				CLANG_ANALYZER_NONNULL = YES;
				CLANG_ANALYZER_NUMBER_OBJECT_CONVERSION = YES_AGGRESSIVE;
				CLANG_CXX_LANGUAGE_STANDARD = "gnu++14";
				CLANG_CXX_LIBRARY = "libc++";
				CLANG_ENABLE_MODULES = YES;
				CLANG_ENABLE_OBJC_ARC = YES;
				CLANG_ENABLE_OBJC_WEAK = YES;
				CLANG_WARN_BLOCK_CAPTURE_AUTORELEASING = YES;
				CLANG_WARN_BOOL_CONVERSION = YES;
				CLANG_WARN_COMMA = YES;
				CLANG_WARN_CONSTANT_CONVERSION = YES;
				CLANG_WARN_DEPRECATED_OBJC_IMPLEMENTATIONS = YES;
				CLANG_WARN_DIRECT_OBJC_ISA_USAGE = YES_ERROR;
				CLANG_WARN_DOCUMENTATION_COMMENTS = YES;
				CLANG_WARN_EMPTY_BODY = YES;
				CLANG_WARN_ENUM_CONVERSION = YES;
				CLANG_WARN_INFINITE_RECURSION = YES;
				CLANG_WARN_INT_CONVERSION = YES;
				CLANG_WARN_NON_LITERAL_NULL_CONVERSION = YES;
				CLANG_WARN_OBJC_IMPLICIT_RETAIN_SELF = YES;
				CLANG_WARN_OBJC_LITERAL_CONVERSION = YES;
				CLANG_WARN_OBJC_ROOT_CLASS = YES_ERROR;
				CLANG_WARN_RANGE_LOOP_ANALYSIS = YES;
				CLANG_WARN_STRICT_PROTOTYPES = YES;
				CLANG_WARN_SUSPICIOUS_MOVE = YES;
				CLANG_WARN_UNGUARDED_AVAILABILITY = YES_AGGRESSIVE;
				CLANG_WARN_UNREACHABLE_CODE = YES;
				CLANG_WARN__DUPLICATE_METHOD_MATCH = YES;
				CODE_SIGN_IDENTITY = "iPhone Developer";
				COPY_PHASE_STRIP = NO;
				DEBUG_INFORMATION_FORMAT = dwarf;
				ENABLE_STRICT_OBJC_MSGSEND = YES;
				ENABLE_TESTABILITY = YES;
				GCC_C_LANGUAGE_STANDARD = gnu11;
				GCC_DYNAMIC_NO_PIC = NO;
				GCC_NO_COMMON_BLOCKS = YES;
				GCC_OPTIMIZATION_LEVEL = 0;
				GCC_PREPROCESSOR_DEFINITIONS = (
					"DEBUG=1",
					"$(inherited)",
				);
				GCC_WARN_64_TO_32_BIT_CONVERSION = YES;
				GCC_WARN_ABOUT_RETURN_TYPE = YES_ERROR;
				GCC_WARN_UNDECLARED_SELECTOR = YES;
				GCC_WARN_UNINITIALIZED_AUTOS = YES_AGGRESSIVE;
				GCC_WARN_UNUSED_FUNCTION = YES;
				GCC_WARN_UNUSED_VARIABLE = YES;
				IPHONEOS_DEPLOYMENT_TARGET = 12.2;
				MTL_ENABLE_DEBUG_INFO = INCLUDE_SOURCE;
				MTL_FAST_MATH = YES;
				ONLY_ACTIVE_ARCH = YES;
				SDKROOT = iphoneos;
				SWIFT_ACTIVE_COMPILATION_CONDITIONS = DEBUG;
				SWIFT_OPTIMIZATION_LEVEL = "-Onone";
			};
			name = Debug;
		};
		8A2630D322E14263007E4000 /* Release */ = {
			isa = XCBuildConfiguration;
			buildSettings = {
				ALWAYS_SEARCH_USER_PATHS = NO;
				CLANG_ANALYZER_NONNULL = YES;
				CLANG_ANALYZER_NUMBER_OBJECT_CONVERSION = YES_AGGRESSIVE;
				CLANG_CXX_LANGUAGE_STANDARD = "gnu++14";
				CLANG_CXX_LIBRARY = "libc++";
				CLANG_ENABLE_MODULES = YES;
				CLANG_ENABLE_OBJC_ARC = YES;
				CLANG_ENABLE_OBJC_WEAK = YES;
				CLANG_WARN_BLOCK_CAPTURE_AUTORELEASING = YES;
				CLANG_WARN_BOOL_CONVERSION = YES;
				CLANG_WARN_COMMA = YES;
				CLANG_WARN_CONSTANT_CONVERSION = YES;
				CLANG_WARN_DEPRECATED_OBJC_IMPLEMENTATIONS = YES;
				CLANG_WARN_DIRECT_OBJC_ISA_USAGE = YES_ERROR;
				CLANG_WARN_DOCUMENTATION_COMMENTS = YES;
				CLANG_WARN_EMPTY_BODY = YES;
				CLANG_WARN_ENUM_CONVERSION = YES;
				CLANG_WARN_INFINITE_RECURSION = YES;
				CLANG_WARN_INT_CONVERSION = YES;
				CLANG_WARN_NON_LITERAL_NULL_CONVERSION = YES;
				CLANG_WARN_OBJC_IMPLICIT_RETAIN_SELF = YES;
				CLANG_WARN_OBJC_LITERAL_CONVERSION = YES;
				CLANG_WARN_OBJC_ROOT_CLASS = YES_ERROR;
				CLANG_WARN_RANGE_LOOP_ANALYSIS = YES;
				CLANG_WARN_STRICT_PROTOTYPES = YES;
				CLANG_WARN_SUSPICIOUS_MOVE = YES;
				CLANG_WARN_UNGUARDED_AVAILABILITY = YES_AGGRESSIVE;
				CLANG_WARN_UNREACHABLE_CODE = YES;
				CLANG_WARN__DUPLICATE_METHOD_MATCH = YES;
				CODE_SIGN_IDENTITY = "iPhone Developer";
				COPY_PHASE_STRIP = NO;
				DEBUG_INFORMATION_FORMAT = "dwarf-with-dsym";
				ENABLE_NS_ASSERTIONS = NO;
				ENABLE_STRICT_OBJC_MSGSEND = YES;
				GCC_C_LANGUAGE_STANDARD = gnu11;
				GCC_NO_COMMON_BLOCKS = YES;
				GCC_WARN_64_TO_32_BIT_CONVERSION = YES;
				GCC_WARN_ABOUT_RETURN_TYPE = YES_ERROR;
				GCC_WARN_UNDECLARED_SELECTOR = YES;
				GCC_WARN_UNINITIALIZED_AUTOS = YES_AGGRESSIVE;
				GCC_WARN_UNUSED_FUNCTION = YES;
				GCC_WARN_UNUSED_VARIABLE = YES;
				IPHONEOS_DEPLOYMENT_TARGET = 12.2;
				MTL_ENABLE_DEBUG_INFO = NO;
				MTL_FAST_MATH = YES;
				SDKROOT = iphoneos;
				SWIFT_COMPILATION_MODE = wholemodule;
				SWIFT_OPTIMIZATION_LEVEL = "-O";
				VALIDATE_PRODUCT = YES;
			};
			name = Release;
		};
		8A2630D522E14263007E4000 /* Debug */ = {
			isa = XCBuildConfiguration;
			buildSettings = {
				ASSETCATALOG_COMPILER_APPICON_NAME = AppIcon;
				CODE_SIGN_STYLE = Automatic;
				INFOPLIST_FILE = Animation/Info.plist;
				LD_RUNPATH_SEARCH_PATHS = (
					"$(inherited)",
					"@executable_path/Frameworks",
				);
				PRODUCT_BUNDLE_IDENTIFIER = FCI.Animation;
				PRODUCT_NAME = "$(TARGET_NAME)";
				SWIFT_VERSION = 5.0;
				TARGETED_DEVICE_FAMILY = "1,2";
			};
			name = Debug;
		};
		8A2630D622E14263007E4000 /* Release */ = {
			isa = XCBuildConfiguration;
			buildSettings = {
				ASSETCATALOG_COMPILER_APPICON_NAME = AppIcon;
				CODE_SIGN_STYLE = Automatic;
				INFOPLIST_FILE = Animation/Info.plist;
				LD_RUNPATH_SEARCH_PATHS = (
					"$(inherited)",
					"@executable_path/Frameworks",
				);
				PRODUCT_BUNDLE_IDENTIFIER = FCI.Animation;
				PRODUCT_NAME = "$(TARGET_NAME)";
				SWIFT_VERSION = 5.0;
				TARGETED_DEVICE_FAMILY = "1,2";
			};
			name = Release;
		};
		8A2630D822E14263007E4000 /* Debug */ = {
			isa = XCBuildConfiguration;
			buildSettings = {
				ALWAYS_EMBED_SWIFT_STANDARD_LIBRARIES = YES;
				BUNDLE_LOADER = "$(TEST_HOST)";
				CODE_SIGN_STYLE = Automatic;
				INFOPLIST_FILE = AnimationTests/Info.plist;
				LD_RUNPATH_SEARCH_PATHS = (
					"$(inherited)",
					"@executable_path/Frameworks",
					"@loader_path/Frameworks",
				);
				PRODUCT_BUNDLE_IDENTIFIER = FCI.AnimationTests;
				PRODUCT_NAME = "$(TARGET_NAME)";
				SWIFT_VERSION = 5.0;
				TARGETED_DEVICE_FAMILY = "1,2";
				TEST_HOST = "$(BUILT_PRODUCTS_DIR)/Animation.app/Animation";
			};
			name = Debug;
		};
		8A2630D922E14263007E4000 /* Release */ = {
			isa = XCBuildConfiguration;
			buildSettings = {
				ALWAYS_EMBED_SWIFT_STANDARD_LIBRARIES = YES;
				BUNDLE_LOADER = "$(TEST_HOST)";
				CODE_SIGN_STYLE = Automatic;
				INFOPLIST_FILE = AnimationTests/Info.plist;
				LD_RUNPATH_SEARCH_PATHS = (
					"$(inherited)",
					"@executable_path/Frameworks",
					"@loader_path/Frameworks",
				);
				PRODUCT_BUNDLE_IDENTIFIER = FCI.AnimationTests;
				PRODUCT_NAME = "$(TARGET_NAME)";
				SWIFT_VERSION = 5.0;
				TARGETED_DEVICE_FAMILY = "1,2";
				TEST_HOST = "$(BUILT_PRODUCTS_DIR)/Animation.app/Animation";
			};
			name = Release;
		};
		8A2630DB22E14263007E4000 /* Debug */ = {
			isa = XCBuildConfiguration;
			buildSettings = {
				ALWAYS_EMBED_SWIFT_STANDARD_LIBRARIES = YES;
				CODE_SIGN_STYLE = Automatic;
				INFOPLIST_FILE = AnimationUITests/Info.plist;
				LD_RUNPATH_SEARCH_PATHS = (
					"$(inherited)",
					"@executable_path/Frameworks",
					"@loader_path/Frameworks",
				);
				PRODUCT_BUNDLE_IDENTIFIER = FCI.AnimationUITests;
				PRODUCT_NAME = "$(TARGET_NAME)";
				SWIFT_VERSION = 5.0;
				TARGETED_DEVICE_FAMILY = "1,2";
				TEST_TARGET_NAME = Animation;
			};
			name = Debug;
		};
		8A2630DC22E14263007E4000 /* Release */ = {
			isa = XCBuildConfiguration;
			buildSettings = {
				ALWAYS_EMBED_SWIFT_STANDARD_LIBRARIES = YES;
				CODE_SIGN_STYLE = Automatic;
				INFOPLIST_FILE = AnimationUITests/Info.plist;
				LD_RUNPATH_SEARCH_PATHS = (
					"$(inherited)",
					"@executable_path/Frameworks",
					"@loader_path/Frameworks",
				);
				PRODUCT_BUNDLE_IDENTIFIER = FCI.AnimationUITests;
				PRODUCT_NAME = "$(TARGET_NAME)";
				SWIFT_VERSION = 5.0;
				TARGETED_DEVICE_FAMILY = "1,2";
				TEST_TARGET_NAME = Animation;
			};
			name = Release;
		};
/* End XCBuildConfiguration section */

/* Begin XCConfigurationList section */
		8A2630A422E14262007E4000 /* Build configuration list for PBXProject "Animation" */ = {
			isa = XCConfigurationList;
			buildConfigurations = (
				8A2630D222E14263007E4000 /* Debug */,
				8A2630D322E14263007E4000 /* Release */,
			);
			defaultConfigurationIsVisible = 0;
			defaultConfigurationName = Release;
		};
		8A2630D422E14263007E4000 /* Build configuration list for PBXNativeTarget "Animation" */ = {
			isa = XCConfigurationList;
			buildConfigurations = (
				8A2630D522E14263007E4000 /* Debug */,
				8A2630D622E14263007E4000 /* Release */,
			);
			defaultConfigurationIsVisible = 0;
			defaultConfigurationName = Release;
		};
		8A2630D722E14263007E4000 /* Build configuration list for PBXNativeTarget "AnimationTests" */ = {
			isa = XCConfigurationList;
			buildConfigurations = (
				8A2630D822E14263007E4000 /* Debug */,
				8A2630D922E14263007E4000 /* Release */,
			);
			defaultConfigurationIsVisible = 0;
			defaultConfigurationName = Release;
		};
		8A2630DA22E14263007E4000 /* Build configuration list for PBXNativeTarget "AnimationUITests" */ = {
			isa = XCConfigurationList;
			buildConfigurations = (
				8A2630DB22E14263007E4000 /* Debug */,
				8A2630DC22E14263007E4000 /* Release */,
			);
			defaultConfigurationIsVisible = 0;
			defaultConfigurationName = Release;
		};
/* End XCConfigurationList section */

/* Begin XCVersionGroup section */
		8A2630B322E14262007E4000 /* Animation.xcdatamodeld */ = {
			isa = XCVersionGroup;
			children = (
				8A2630B422E14262007E4000 /* Animation.xcdatamodel */,
			);
			currentVersion = 8A2630B422E14262007E4000 /* Animation.xcdatamodel */;
			path = Animation.xcdatamodeld;
			sourceTree = "<group>";
			versionGroupType = wrapper.xcdatamodel;
		};
/* End XCVersionGroup section */
	};
	rootObject = 8A2630A122E14262007E4000 /* Project object */;
}
